
Microsoft Visual Studio Solution File, Format Version 12.00
# Visual Studio Version 16
VisualStudioVersion = 16.0.31729.503
MinimumVisualStudioVersion = 10.0.40219.1
Project("{FAE04EC0-301F-11D3-BF4B-00C04F79EFBC}") = "Webfastfood", "Webfastfood\Webfastfood.csproj", "{67F4B6FE-500B-433A-8602-160D620E8C1C}"
EndProject
Global
	GlobalSection(SolutionConfigurationPlatforms) = preSolution
		Debug|Any CPU = Debug|Any CPU
		Release|Any CPU = Release|Any CPU
	EndGlobalSection
	GlobalSection(ProjectConfigurationPlatforms) = postSolution
		{67F4B6FE-500B-433A-8602-160D620E8C1C}.Debug|Any CPU.ActiveCfg = Debug|Any CPU
		{67F4B6FE-500B-433A-8602-160D620E8C1C}.Debug|Any CPU.Build.0 = Debug|Any CPU
		{67F4B6FE-500B-433A-8602-160D620E8C1C}.Release|Any CPU.ActiveCfg = Release|Any CPU
		{67F4B6FE-500B-433A-8602-160D620E8C1C}.Release|Any CPU.Build.0 = Release|Any CPU
	EndGlobalSection
	GlobalSection(SolutionProperties) = preSolution
		HideSolutionNode = FALSE
	EndGlobalSection
	GlobalSection(ExtensibilityGlobals) = postSolution
		SolutionGuid = {49A56372-9E7B-45DD-9913-53EF96B495AF}
	EndGlobalSection
EndGlobal
